
Microsoft Visual Studio Solution File, Format Version 12.00
# Visual Studio Version 16
VisualStudioVersion = 16.0.31624.102
MinimumVisualStudioVersion = 10.0.40219.1
Project("{FAE04EC0-301F-11D3-BF4B-00C04F79EFBC}") = "LandingPlatform.Core", "src\LandingPlatform.Core\LandingPlatform.Core.csproj", "{9BDFB6FB-52B8-4060-82DF-EC8BBBA85975}"
EndProject
Project("{2150E333-8FDC-42A3-9474-1A3956D46DE8}") = "src", "src", "{96556717-8E1A-4075-9FFC-E41081909DE3}"
EndProject
Project("{2150E333-8FDC-42A3-9474-1A3956D46DE8}") = "tests", "tests", "{F8934072-FBAD-43C4-948A-512E3B6D29CA}"
EndProject
Project("{FAE04EC0-301F-11D3-BF4B-00C04F79EFBC}") = "LandingPlatform.Core.UnitTests", "tests\LandingPlatform.Core.UnitTests\LandingPlatform.Core.UnitTests.csproj", "{AB346E86-52BF-4939-B2C4-A345A59420BA}"
EndProject
Global
	GlobalSection(SolutionConfigurationPlatforms) = preSolution
		Debug|Any CPU = Debug|Any CPU
		Release|Any CPU = Release|Any CPU
	EndGlobalSection
	GlobalSection(ProjectConfigurationPlatforms) = postSolution
		{9BDFB6FB-52B8-4060-82DF-EC8BBBA85975}.Debug|Any CPU.ActiveCfg = Debug|Any CPU
		{9BDFB6FB-52B8-4060-82DF-EC8BBBA85975}.Debug|Any CPU.Build.0 = Debug|Any CPU
		{9BDFB6FB-52B8-4060-82DF-EC8BBBA85975}.Release|Any CPU.ActiveCfg = Release|Any CPU
		{9BDFB6FB-52B8-4060-82DF-EC8BBBA85975}.Release|Any CPU.Build.0 = Release|Any CPU
		{AB346E86-52BF-4939-B2C4-A345A59420BA}.Debug|Any CPU.ActiveCfg = Debug|Any CPU
		{AB346E86-52BF-4939-B2C4-A345A59420BA}.Debug|Any CPU.Build.0 = Debug|Any CPU
		{AB346E86-52BF-4939-B2C4-A345A59420BA}.Release|Any CPU.ActiveCfg = Release|Any CPU
		{AB346E86-52BF-4939-B2C4-A345A59420BA}.Release|Any CPU.Build.0 = Release|Any CPU
	EndGlobalSection
	GlobalSection(SolutionProperties) = preSolution
		HideSolutionNode = FALSE
	EndGlobalSection
	GlobalSection(NestedProjects) = preSolution
		{9BDFB6FB-52B8-4060-82DF-EC8BBBA85975} = {96556717-8E1A-4075-9FFC-E41081909DE3}
		{AB346E86-52BF-4939-B2C4-A345A59420BA} = {F8934072-FBAD-43C4-948A-512E3B6D29CA}
	EndGlobalSection
	GlobalSection(ExtensibilityGlobals) = postSolution
		SolutionGuid = {E88A217B-ADC6-438B-9A44-E973FFF3C69D}
	EndGlobalSection
EndGlobal
